<?xml version="1.0" encoding="utf-8"?>
<Project ToolsVersion="4.0" xmlns="http://schemas.microsoft.com/developer/msbuild/2003">
  <ItemGroup>
    <ClCompile Include="Common\Input\Controller.cpp" />
    <ClCompile Include="Common\Input\InputConfig\InputConfig.cpp" />
    <ClCompile Include="Common\Input\InputType\Keyboard.cpp" />
    <ClCompile Include="Common\Input\InputType\Pad.cpp" />
    <ClCompile Include="Component\Collider\CapsuleCollider.cpp" />
    <ClCompile Include="Common\ThreadPool.cpp" />
    <ClCompile Include="Component\Render\CapsuleRender.cpp" />
    <ClCompile Include="Common\Camera.cpp" />
    <ClCompile Include="Component\Collider\Collider.cpp" />
    <ClCompile Include="Component\Animator\Animator.cpp" />
    <ClCompile Include="Application.cpp" />
    <ClCompile Include="Common\Debug.cpp" />
    <ClCompile Include="Common\Math.cpp" />
    <ClCompile Include="Common\Random.cpp" />
    <ClCompile Include="Common\Time.cpp" />
    <ClCompile Include="Component\Render\Render.cpp" />
    <ClCompile Include="Common\ResourceMng.cpp" />
    <ClCompile Include="Component\Render\ModelRender.cpp" />
    <ClCompile Include="Component\Info\ObjectInfo.cpp" />
    <ClCompile Include="Factory\Factory.cpp" />
    <ClCompile Include="Component\Navi\Navi.cpp" />
    <ClCompile Include="Component\Render\NonLightingRender.cpp" />
    <ClCompile Include="Object\ObjectID.cpp" />
    <ClCompile Include="Object\ObjectManager.cpp" />
    <ClCompile Include="Factory\PlayerFactory.cpp" />
    <ClCompile Include="Component\Behavior\PlayerBehavior.cpp" />
    <ClCompile Include="Scene\Transition\Loading.cpp" />
    <ClCompile Include="Scene\Transition\Fade.cpp" />
    <ClCompile Include="Scene\GameScene.cpp" />
    <ClCompile Include="Scene\BaseScene.cpp" />
    <ClCompile Include="Component\ComponentBase.cpp" />
    <ClCompile Include="main.cpp" />
    <ClCompile Include="Component\Behavior\Behavior.cpp" />
    <ClCompile Include="Scene\TitleScene.cpp" />
    <ClCompile Include="Scene\Transition\Transition.cpp" />
    <ClCompile Include="Common\SharedHandle.cpp" />
    <ClCompile Include="Component\Transform\Transform.cpp" />
    <ClCompile Include="Component\Sound\SoundSpeaker.cpp" />
    <ClCompile Include="Component\Collider\SphereCollider.cpp" />
    <ClCompile Include="Factory\StageFactory.cpp" />
    <ClCompile Include="UI\UiManager.cpp" />
    <ClCompile Include="Common\Worker.cpp" />
    <ClCompile Include="Component\Collider\MeshCollider.cpp" />
    <ClCompile Include="Common\SoundPross.cpp" />
    <ClCompile Include="Factory\EnemyFactory.cpp" />
    <ClCompile Include="Common\Utility.cpp" />
    <ClCompile Include="Factory\SkyFactory.cpp" />
    <ClCompile Include="UI\UiBase.cpp" />
    <ClCompile Include="Component\Collider\CharactorCollider.cpp" />
    <ClCompile Include="Component\Collider\TerrainCollider.cpp" />
    <ClCompile Include="Scene\PauseScene.cpp" />
    <ClCompile Include="UI\Cursor.cpp" />
    <ClCompile Include="Component\Behavior\EnemyBehavior.cpp" />
    <ClCompile Include="UI\LoadIndicatorUi.cpp" />
    <ClCompile Include="Factory\EnemyBullet.cpp" />
    <ClCompile Include="Component\Behavior\EnemyBulletBehavior.cpp" />
    <ClCompile Include="Component\Behavior\StageBehavior.cpp" />
    <ClCompile Include="Component\Behavior\PlayerAttackBehavior.cpp" />
    <ClCompile Include="Component\ComponentPool.cpp" />
    <ClCompile Include="Factory\PlayerAttackFactory.cpp" />
    <ClCompile Include="Scene\ResultScene.cpp" />
    <ClCompile Include="Scene\OptionScene.cpp" />
    <ClCompile Include="Component\Behavior\EffectBehavior.cpp" />
    <ClCompile Include="Component\Render\EffectRender.cpp" />
    <ClCompile Include="UI\ButtonBase.cpp" />
    <ClCompile Include="UI\Gage.cpp" />
    <ClCompile Include="UI\Image.cpp" />
    <ClCompile Include="UI\Button.cpp" />
    <ClCompile Include="UI\ComboUi.cpp" />
    <ClCompile Include="Scene\SelectScene.cpp" />
    <ClCompile Include="UI\Slider.cpp" />
  </ItemGroup>
  <ItemGroup>
    <ClInclude Include="Common\Input\Controller.h" />
    <ClInclude Include="Common\Input\InputConfig\InputConfig.h" />
    <ClInclude Include="Common\Input\InputConfig\InputConfigMng.h" />
    <ClInclude Include="Common\Input\InputID.h" />
    <ClInclude Include="Common\Input\InputType\Keyboard.h" />
    <ClInclude Include="Common\Input\InputType\Pad.h" />
    <ClInclude Include="Component\Collider\CapsuleCollider.h" />
    <ClInclude Include="Common\ThreadPool.h" />
    <ClInclude Include="Component\Render\CapsuleRender.h" />
    <ClInclude Include="Common\Camera.h" />
    <ClInclude Include="Component\Collider\Collider.h" />
    <ClInclude Include="Component\Animator\Animator.h" />
    <ClInclude Include="Application.h" />
    <ClInclude Include="Common\Debug.h" />
    <ClInclude Include="Common\Math.h" />
    <ClInclude Include="Common\MathConcepts.h" />
    <ClInclude Include="Common\Random.h" />
    <ClInclude Include="Common\ScreenID.h" />
    <ClInclude Include="Common\Time.h" />
    <ClInclude Include="Common\Vector2.h" />
    <ClInclude Include="Common\Vector3.h" />
    <ClInclude Include="Component\ComponentID.h" />
    <ClInclude Include="Component\Render\Render.h" />
    <ClInclude Include="Common\ConstantBuffer.h" />
    <ClInclude Include="Common\ResourceMng.h" />
    <ClInclude Include="Component\Render\ModelRender.h" />
    <ClInclude Include="Component\Info\ObjectInfo.h" />
    <ClInclude Include="Factory\Factory.h" />
    <ClInclude Include="Factory\FactoryID.h" />
    <ClInclude Include="Component\Navi\Navi.h" />
    <ClInclude Include="Component\Render\NonLightingRender.h" />
    <ClInclude Include="Object\ObjectID.h" />
    <ClInclude Include="Object\ObjectManager.h" />
    <ClInclude Include="Factory\PlayerFactory.h" />
    <ClInclude Include="Component\Behavior\PlayerBehavior.h" />
    <ClInclude Include="Scene\Transition\Loading.h" />
    <ClInclude Include="Scene\Transition\Fade.h" />
    <ClInclude Include="Scene\GameScene.h" />
    <ClInclude Include="Scene\BaseScene.h" />
    <ClInclude Include="Component\ComponentBase.h" />
    <ClInclude Include="Component\Behavior\Behavior.h" />
    <ClInclude Include="Scene\SceneID.h" />
    <ClInclude Include="Scene\TitleScene.h" />
    <ClInclude Include="Scene\Transition\Transition.h" />
    <ClInclude Include="Scene\Transition\TransitionType.h" />
    <ClInclude Include="Common\SharedHandle.h" />
    <ClInclude Include="Component\Transform\Transform.h" />
    <ClInclude Include="Component\Sound\SoundSpeaker.h" />
    <ClInclude Include="Component\Collider\SphereCollider.h" />
    <ClInclude Include="Factory\StageFactory.h" />
    <ClInclude Include="UI\UiManager.h" />
    <ClInclude Include="Common\Worker.h" />
    <ClInclude Include="Common\ObjectData.h" />
    <ClInclude Include="Component\Collider\MeshCollider.h" />
    <ClInclude Include="Common\SoundPross.h" />
    <ClInclude Include="Factory\EnemyFactory.h" />
    <ClInclude Include="Common\Utility.h" />
    <ClInclude Include="Factory\SkyFactory.h" />
    <ClInclude Include="UI\UiBase.h" />
    <ClInclude Include="Component\Collider\CharactorCollider.h" />
    <ClInclude Include="Component\Collider\TerrainCollider.h" />
    <ClInclude Include="Component\Collider\ColliderType.h" />
    <ClInclude Include="Scene\PauseScene.h" />
    <ClInclude Include="UI\Cursor.h" />
    <ClInclude Include="Component\Behavior\EnemyBehavior.h" />
    <ClInclude Include="UI\LoadIndicatorUi.h" />
    <ClInclude Include="Factory\EnemyBullet.h" />
    <ClInclude Include="Component\Behavior\EnemyBulletBehavior.h" />
    <ClInclude Include="Component\Behavior\StageBehavior.h" />
    <ClInclude Include="Component\Info\ObjectAttribute.h" />
    <ClInclude Include="Component\Behavior\PlayerAttackBehavior.h" />
    <ClInclude Include="Component\ComponentPool.h" />
    <ClInclude Include="Component\ComponentConcept.h" />
    <ClInclude Include="Component\ComponentHandle.h" />
    <ClInclude Include="Factory\PlayerAttackFactory.h" />
    <ClInclude Include="Scene\ResultScene.h" />
    <ClInclude Include="UI\UiID.h" />
    <ClInclude Include="Common\nameof.hpp" />
    <ClInclude Include="Scene\OptionScene.h" />
    <ClInclude Include="Component\Behavior\EffectBehavior.h" />
    <ClInclude Include="resource.h" />
    <ClInclude Include="Component\Render\EffectRender.h" />
    <ClInclude Include="UI\ButtonBase.h" />
    <ClInclude Include="UI\Gage.h" />
    <ClInclude Include="UI\Image.h" />
    <ClInclude Include="UI\Button.h" />
    <ClInclude Include="UI\ComboUi.h" />
    <ClInclude Include="Scene\SelectScene.h" />
    <ClInclude Include="UI\Slider.h" />
    <ClInclude Include="Component\Animator\PlayerAnimIndex.h" />
  </ItemGroup>
  <ItemGroup>
    <ResourceCompile Include="GameBase.rc" />
  </ItemGroup>
</Project>